{
  "name": "race_results_transform",
  "version": "1.0.0",
  "lockfileVersion": 3,
  "requires": true,
  "packages": {
    "": {
      "name": "race_results_transform",
      "version": "1.0.0",
      "bin": {
        "race-results-transform": "src/cli.js"
      },
      "engines": {
        "node": ">=18"
      }
    }
  }
}
